
Microsoft Visual Studio Solution File, Format Version 12.00
# Visual Studio 15
VisualStudioVersion = 15.0.26228.4
MinimumVisualStudioVersion = 10.0.40219.1
Project("{FAE04EC0-301F-11D3-BF4B-00C04F79EFBC}") = "Presentation", "InfoDeck\Presentation.csproj", "{20027AB9-DD80-4A36-91AC-A58BE648EE27}"
EndProject
Project("{FAE04EC0-301F-11D3-BF4B-00C04F79EFBC}") = "Notifier", "Notifier\Notifier.csproj", "{858B31D5-1741-40E6-9102-DB46E0FFC0AA}"
EndProject
Project("{FAE04EC0-301F-11D3-BF4B-00C04F79EFBC}") = "DataAccess", "DataAccess\DataAccess.csproj", "{B91212F2-03B1-470C-91C7-6B8253DE42E4}"
EndProject
Project("{FAE04EC0-301F-11D3-BF4B-00C04F79EFBC}") = "BussinessObjects", "BussinessObjects\BussinessObjects.csproj", "{01087814-BE63-4A98-9B78-7411C0C76624}"
EndProject
Project("{FAE04EC0-301F-11D3-BF4B-00C04F79EFBC}") = "Infrastructure", "Infrastructure\Infrastructure.csproj", "{68BED569-B8D9-47D3-8C48-AA33A7BE3D4D}"
EndProject
Global
	GlobalSection(SolutionConfigurationPlatforms) = preSolution
		Debug|Any CPU = Debug|Any CPU
		Release|Any CPU = Release|Any CPU
	EndGlobalSection
	GlobalSection(ProjectConfigurationPlatforms) = postSolution
		{20027AB9-DD80-4A36-91AC-A58BE648EE27}.Debug|Any CPU.ActiveCfg = Debug|Any CPU
		{20027AB9-DD80-4A36-91AC-A58BE648EE27}.Debug|Any CPU.Build.0 = Debug|Any CPU
		{20027AB9-DD80-4A36-91AC-A58BE648EE27}.Release|Any CPU.ActiveCfg = Release|Any CPU
		{20027AB9-DD80-4A36-91AC-A58BE648EE27}.Release|Any CPU.Build.0 = Release|Any CPU
		{858B31D5-1741-40E6-9102-DB46E0FFC0AA}.Debug|Any CPU.ActiveCfg = Debug|Any CPU
		{858B31D5-1741-40E6-9102-DB46E0FFC0AA}.Debug|Any CPU.Build.0 = Debug|Any CPU
		{858B31D5-1741-40E6-9102-DB46E0FFC0AA}.Release|Any CPU.ActiveCfg = Release|Any CPU
		{858B31D5-1741-40E6-9102-DB46E0FFC0AA}.Release|Any CPU.Build.0 = Release|Any CPU
		{B91212F2-03B1-470C-91C7-6B8253DE42E4}.Debug|Any CPU.ActiveCfg = Debug|Any CPU
		{B91212F2-03B1-470C-91C7-6B8253DE42E4}.Debug|Any CPU.Build.0 = Debug|Any CPU
		{B91212F2-03B1-470C-91C7-6B8253DE42E4}.Release|Any CPU.ActiveCfg = Release|Any CPU
		{B91212F2-03B1-470C-91C7-6B8253DE42E4}.Release|Any CPU.Build.0 = Release|Any CPU
		{01087814-BE63-4A98-9B78-7411C0C76624}.Debug|Any CPU.ActiveCfg = Debug|Any CPU
		{01087814-BE63-4A98-9B78-7411C0C76624}.Debug|Any CPU.Build.0 = Debug|Any CPU
		{01087814-BE63-4A98-9B78-7411C0C76624}.Release|Any CPU.ActiveCfg = Release|Any CPU
		{01087814-BE63-4A98-9B78-7411C0C76624}.Release|Any CPU.Build.0 = Release|Any CPU
		{68BED569-B8D9-47D3-8C48-AA33A7BE3D4D}.Debug|Any CPU.ActiveCfg = Debug|Any CPU
		{68BED569-B8D9-47D3-8C48-AA33A7BE3D4D}.Debug|Any CPU.Build.0 = Debug|Any CPU
		{68BED569-B8D9-47D3-8C48-AA33A7BE3D4D}.Release|Any CPU.ActiveCfg = Release|Any CPU
		{68BED569-B8D9-47D3-8C48-AA33A7BE3D4D}.Release|Any CPU.Build.0 = Release|Any CPU
	EndGlobalSection
	GlobalSection(SolutionProperties) = preSolution
		HideSolutionNode = FALSE
	EndGlobalSection
EndGlobal
